
Microsoft Visual Studio Solution File, Format Version 12.00
# Visual Studio Version 17
VisualStudioVersion = 17.0.31903.59
MinimumVisualStudioVersion = 10.0.40219.1
Project("{2150E333-8FDC-42A3-9474-1A3956D46DE8}") = "src", "src", "{DC615E92-42FF-4C33-97D9-8AFDCADA951A}"
EndProject
Project("{2150E333-8FDC-42A3-9474-1A3956D46DE8}") = "Core", "Core", "{F049A04A-A432-45E7-8BD0-78AF19875E00}"
EndProject
Project("{9A19103F-16F7-4668-BE54-9A1E7A4F7556}") = "Clean.Domain", "src\Core\Clean.Domain\Clean.Domain.csproj", "{11A164FC-18CC-47FE-9F85-C291D0B678F9}"
EndProject
Project("{9A19103F-16F7-4668-BE54-9A1E7A4F7556}") = "Clean.Application", "src\Core\Clean.Application\Clean.Application.csproj", "{32233AED-FA2F-4FE0-AEBB-E2BACC9DD726}"
EndProject
Project("{2150E333-8FDC-42A3-9474-1A3956D46DE8}") = "Infrastructure", "Infrastructure", "{DD9B085E-85D4-4BEF-AC8F-6F72FCEA1E59}"
EndProject
Project("{9A19103F-16F7-4668-BE54-9A1E7A4F7556}") = "Clean.Persistence", "src\Infrastructure\Clean.Persistence\Clean.Persistence.csproj", "{C087F05B-B71D-4C1C-BC30-8A634E0B7506}"
EndProject
Project("{9A19103F-16F7-4668-BE54-9A1E7A4F7556}") = "Clean.Identity", "src\Infrastructure\Clean.Identity\Clean.Identity.csproj", "{E613719C-6206-47B7-9FAD-727070DC734E}"
EndProject
Project("{2150E333-8FDC-42A3-9474-1A3956D46DE8}") = "Presentation", "Presentation", "{53B7991A-33CA-45DA-8298-7635A84B2BFD}"
EndProject
Project("{9A19103F-16F7-4668-BE54-9A1E7A4F7556}") = "Clean.Api", "src\Presentation\Clean.Api\Clean.Api.csproj", "{6A4E250D-69F3-4825-9D73-7BBFDB0D121F}"
EndProject
Project("{9A19103F-16F7-4668-BE54-9A1E7A4F7556}") = "Clean.WebUI", "src\Presentation\Clean.WebUI\Clean.WebUI.csproj", "{8407A232-720C-4F01-86D5-1AB3EE07D478}"
EndProject
Project("{9A19103F-16F7-4668-BE54-9A1E7A4F7556}") = "Clean.Logging", "src\Infrastructure\Clean.Logging\Clean.Logging.csproj", "{52F9A7B0-71E9-435F-8E36-12E1CDEB89B9}"
EndProject
Project("{9A19103F-16F7-4668-BE54-9A1E7A4F7556}") = "Clean.Notification", "src\Infrastructure\Clean.Notification\Clean.Notification.csproj", "{7DC1A8EA-38C5-45FC-8C0F-9244FF5746A0}"
EndProject
Project("{FAE04EC0-301F-11D3-BF4B-00C04F79EFBC}") = "Clean.Domain.Contracts", "src\Core\Clean.Domain.Contracts\Clean.Domain.Contracts.csproj", "{F1B97FA8-FC77-410E-9735-0116689D5B1E}"
EndProject
Global
	GlobalSection(SolutionConfigurationPlatforms) = preSolution
		Debug|Any CPU = Debug|Any CPU
		Release|Any CPU = Release|Any CPU
	EndGlobalSection
	GlobalSection(ProjectConfigurationPlatforms) = postSolution
		{11A164FC-18CC-47FE-9F85-C291D0B678F9}.Debug|Any CPU.ActiveCfg = Debug|Any CPU
		{11A164FC-18CC-47FE-9F85-C291D0B678F9}.Debug|Any CPU.Build.0 = Debug|Any CPU
		{11A164FC-18CC-47FE-9F85-C291D0B678F9}.Release|Any CPU.ActiveCfg = Release|Any CPU
		{11A164FC-18CC-47FE-9F85-C291D0B678F9}.Release|Any CPU.Build.0 = Release|Any CPU
		{32233AED-FA2F-4FE0-AEBB-E2BACC9DD726}.Debug|Any CPU.ActiveCfg = Debug|Any CPU
		{32233AED-FA2F-4FE0-AEBB-E2BACC9DD726}.Debug|Any CPU.Build.0 = Debug|Any CPU
		{32233AED-FA2F-4FE0-AEBB-E2BACC9DD726}.Release|Any CPU.ActiveCfg = Release|Any CPU
		{32233AED-FA2F-4FE0-AEBB-E2BACC9DD726}.Release|Any CPU.Build.0 = Release|Any CPU
		{C087F05B-B71D-4C1C-BC30-8A634E0B7506}.Debug|Any CPU.ActiveCfg = Debug|Any CPU
		{C087F05B-B71D-4C1C-BC30-8A634E0B7506}.Debug|Any CPU.Build.0 = Debug|Any CPU
		{C087F05B-B71D-4C1C-BC30-8A634E0B7506}.Release|Any CPU.ActiveCfg = Release|Any CPU
		{C087F05B-B71D-4C1C-BC30-8A634E0B7506}.Release|Any CPU.Build.0 = Release|Any CPU
		{E613719C-6206-47B7-9FAD-727070DC734E}.Debug|Any CPU.ActiveCfg = Debug|Any CPU
		{E613719C-6206-47B7-9FAD-727070DC734E}.Debug|Any CPU.Build.0 = Debug|Any CPU
		{E613719C-6206-47B7-9FAD-727070DC734E}.Release|Any CPU.ActiveCfg = Release|Any CPU
		{E613719C-6206-47B7-9FAD-727070DC734E}.Release|Any CPU.Build.0 = Release|Any CPU
		{6A4E250D-69F3-4825-9D73-7BBFDB0D121F}.Debug|Any CPU.ActiveCfg = Debug|Any CPU
		{6A4E250D-69F3-4825-9D73-7BBFDB0D121F}.Debug|Any CPU.Build.0 = Debug|Any CPU
		{6A4E250D-69F3-4825-9D73-7BBFDB0D121F}.Release|Any CPU.ActiveCfg = Release|Any CPU
		{6A4E250D-69F3-4825-9D73-7BBFDB0D121F}.Release|Any CPU.Build.0 = Release|Any CPU
		{8407A232-720C-4F01-86D5-1AB3EE07D478}.Debug|Any CPU.ActiveCfg = Debug|Any CPU
		{8407A232-720C-4F01-86D5-1AB3EE07D478}.Debug|Any CPU.Build.0 = Debug|Any CPU
		{8407A232-720C-4F01-86D5-1AB3EE07D478}.Release|Any CPU.ActiveCfg = Release|Any CPU
		{8407A232-720C-4F01-86D5-1AB3EE07D478}.Release|Any CPU.Build.0 = Release|Any CPU
		{52F9A7B0-71E9-435F-8E36-12E1CDEB89B9}.Debug|Any CPU.ActiveCfg = Debug|Any CPU
		{52F9A7B0-71E9-435F-8E36-12E1CDEB89B9}.Debug|Any CPU.Build.0 = Debug|Any CPU
		{52F9A7B0-71E9-435F-8E36-12E1CDEB89B9}.Release|Any CPU.ActiveCfg = Release|Any CPU
		{52F9A7B0-71E9-435F-8E36-12E1CDEB89B9}.Release|Any CPU.Build.0 = Release|Any CPU
		{7DC1A8EA-38C5-45FC-8C0F-9244FF5746A0}.Debug|Any CPU.ActiveCfg = Debug|Any CPU
		{7DC1A8EA-38C5-45FC-8C0F-9244FF5746A0}.Debug|Any CPU.Build.0 = Debug|Any CPU
		{7DC1A8EA-38C5-45FC-8C0F-9244FF5746A0}.Release|Any CPU.ActiveCfg = Release|Any CPU
		{7DC1A8EA-38C5-45FC-8C0F-9244FF5746A0}.Release|Any CPU.Build.0 = Release|Any CPU
		{F1B97FA8-FC77-410E-9735-0116689D5B1E}.Debug|Any CPU.ActiveCfg = Debug|Any CPU
		{F1B97FA8-FC77-410E-9735-0116689D5B1E}.Debug|Any CPU.Build.0 = Debug|Any CPU
		{F1B97FA8-FC77-410E-9735-0116689D5B1E}.Release|Any CPU.ActiveCfg = Release|Any CPU
		{F1B97FA8-FC77-410E-9735-0116689D5B1E}.Release|Any CPU.Build.0 = Release|Any CPU
	EndGlobalSection
	GlobalSection(SolutionProperties) = preSolution
		HideSolutionNode = FALSE
	EndGlobalSection
	GlobalSection(NestedProjects) = preSolution
		{F049A04A-A432-45E7-8BD0-78AF19875E00} = {DC615E92-42FF-4C33-97D9-8AFDCADA951A}
		{11A164FC-18CC-47FE-9F85-C291D0B678F9} = {F049A04A-A432-45E7-8BD0-78AF19875E00}
		{32233AED-FA2F-4FE0-AEBB-E2BACC9DD726} = {F049A04A-A432-45E7-8BD0-78AF19875E00}
		{DD9B085E-85D4-4BEF-AC8F-6F72FCEA1E59} = {DC615E92-42FF-4C33-97D9-8AFDCADA951A}
		{C087F05B-B71D-4C1C-BC30-8A634E0B7506} = {DD9B085E-85D4-4BEF-AC8F-6F72FCEA1E59}
		{E613719C-6206-47B7-9FAD-727070DC734E} = {DD9B085E-85D4-4BEF-AC8F-6F72FCEA1E59}
		{53B7991A-33CA-45DA-8298-7635A84B2BFD} = {DC615E92-42FF-4C33-97D9-8AFDCADA951A}
		{6A4E250D-69F3-4825-9D73-7BBFDB0D121F} = {53B7991A-33CA-45DA-8298-7635A84B2BFD}
		{8407A232-720C-4F01-86D5-1AB3EE07D478} = {53B7991A-33CA-45DA-8298-7635A84B2BFD}
		{52F9A7B0-71E9-435F-8E36-12E1CDEB89B9} = {DD9B085E-85D4-4BEF-AC8F-6F72FCEA1E59}
		{7DC1A8EA-38C5-45FC-8C0F-9244FF5746A0} = {DD9B085E-85D4-4BEF-AC8F-6F72FCEA1E59}
		{F1B97FA8-FC77-410E-9735-0116689D5B1E} = {F049A04A-A432-45E7-8BD0-78AF19875E00}
	EndGlobalSection
	GlobalSection(ExtensibilityGlobals) = postSolution
		SolutionGuid = {C4873EA1-4C77-426B-9FF2-830E3F51EAD8}
	EndGlobalSection
EndGlobal
